
Microsoft Visual Studio Solution File, Format Version 12.00
# Visual Studio Version 17
VisualStudioVersion = 17.7.34221.43
MinimumVisualStudioVersion = 10.0.40219.1
Project("{FAE04EC0-301F-11D3-BF4B-00C04F79EFBC}") = "CMS DotNet PDF IronPDF", "CMS DotNet PDF IronPDF.csproj", "{B794EE20-2EEA-4DA9-921A-7731B99AD845}"
EndProject
Global
	GlobalSection(SolutionConfigurationPlatforms) = preSolution
		Debug|Any CPU = Debug|Any CPU
		Release|Any CPU = Release|Any CPU
	EndGlobalSection
	GlobalSection(ProjectConfigurationPlatforms) = postSolution
		{B794EE20-2EEA-4DA9-921A-7731B99AD845}.Debug|Any CPU.ActiveCfg = Debug|Any CPU
		{B794EE20-2EEA-4DA9-921A-7731B99AD845}.Debug|Any CPU.Build.0 = Debug|Any CPU
		{B794EE20-2EEA-4DA9-921A-7731B99AD845}.Release|Any CPU.ActiveCfg = Release|Any CPU
		{B794EE20-2EEA-4DA9-921A-7731B99AD845}.Release|Any CPU.Build.0 = Release|Any CPU
	EndGlobalSection
	GlobalSection(SolutionProperties) = preSolution
		HideSolutionNode = FALSE
	EndGlobalSection
	GlobalSection(ExtensibilityGlobals) = postSolution
		SolutionGuid = {B9DE1D8A-0725-4938-9EDE-17473CB6EC7A}
	EndGlobalSection
EndGlobal
