
Microsoft Visual Studio Solution File, Format Version 12.00
# Visual Studio Version 16
VisualStudioVersion = 16.0.29519.87
MinimumVisualStudioVersion = 10.0.40219.1
Project("{9A19103F-16F7-4668-BE54-9A1E7A4F7556}") = "CMS.WinService.Console", "CMS.WinService.Console\CMS.WinService.Console.csproj", "{8267CFF9-45C6-4C4C-8BBD-C8014E2275B9}"
EndProject
Project("{FAE04EC0-301F-11D3-BF4B-00C04F79EFBC}") = "CMS.WinService.WindowsService", "CMS.WinService.WindowsService\CMS.WinService.WindowsService.csproj", "{7B08D433-1752-4255-A8A5-72A9356866F4}"
EndProject
Project("{FAE04EC0-301F-11D3-BF4B-00C04F79EFBC}") = "CMS.WinService.WorkerService", "CMS.WinService.WorkerService\CMS.WinService.WorkerService.csproj", "{88AC77F7-C9A2-483C-B0C9-307B257BC11A}"
EndProject
Global
	GlobalSection(SolutionConfigurationPlatforms) = preSolution
		Debug|Any CPU = Debug|Any CPU
		Release|Any CPU = Release|Any CPU
	EndGlobalSection
	GlobalSection(ProjectConfigurationPlatforms) = postSolution
		{8267CFF9-45C6-4C4C-8BBD-C8014E2275B9}.Debug|Any CPU.ActiveCfg = Debug|Any CPU
		{8267CFF9-45C6-4C4C-8BBD-C8014E2275B9}.Debug|Any CPU.Build.0 = Debug|Any CPU
		{8267CFF9-45C6-4C4C-8BBD-C8014E2275B9}.Release|Any CPU.ActiveCfg = Release|Any CPU
		{8267CFF9-45C6-4C4C-8BBD-C8014E2275B9}.Release|Any CPU.Build.0 = Release|Any CPU
		{7B08D433-1752-4255-A8A5-72A9356866F4}.Debug|Any CPU.ActiveCfg = Debug|Any CPU
		{7B08D433-1752-4255-A8A5-72A9356866F4}.Debug|Any CPU.Build.0 = Debug|Any CPU
		{7B08D433-1752-4255-A8A5-72A9356866F4}.Release|Any CPU.ActiveCfg = Release|Any CPU
		{7B08D433-1752-4255-A8A5-72A9356866F4}.Release|Any CPU.Build.0 = Release|Any CPU
		{88AC77F7-C9A2-483C-B0C9-307B257BC11A}.Debug|Any CPU.ActiveCfg = Debug|Any CPU
		{88AC77F7-C9A2-483C-B0C9-307B257BC11A}.Debug|Any CPU.Build.0 = Debug|Any CPU
		{88AC77F7-C9A2-483C-B0C9-307B257BC11A}.Release|Any CPU.ActiveCfg = Release|Any CPU
		{88AC77F7-C9A2-483C-B0C9-307B257BC11A}.Release|Any CPU.Build.0 = Release|Any CPU
	EndGlobalSection
	GlobalSection(SolutionProperties) = preSolution
		HideSolutionNode = FALSE
	EndGlobalSection
	GlobalSection(ExtensibilityGlobals) = postSolution
		SolutionGuid = {C2A0A83D-D4D8-4D0F-8FFC-1EB1BF508E84}
	EndGlobalSection
EndGlobal
