
Microsoft Visual Studio Solution File, Format Version 12.00
# Visual Studio Version 16
VisualStudioVersion = 16.0.29519.181
MinimumVisualStudioVersion = 10.0.40219.1
Project("{FAE04EC0-301F-11D3-BF4B-00C04F79EFBC}") = "CMS.EF.Performance.Console", "CMS.EF.Performance.Console\CMS.EF.Performance.Console.csproj", "{7B1A68A7-3745-45C3-BE19-EBE91FCA241F}"
EndProject
Project("{FAE04EC0-301F-11D3-BF4B-00C04F79EFBC}") = "CMS.EF.Performance.Duplicados", "CMS.EF.Performance.Duplicados\CMS.EF.Performance.Duplicados.csproj", "{882F1013-F7D8-4536-A9D5-CDAF56F1E920}"
EndProject
Global
	GlobalSection(SolutionConfigurationPlatforms) = preSolution
		Debug|Any CPU = Debug|Any CPU
		Release|Any CPU = Release|Any CPU
	EndGlobalSection
	GlobalSection(ProjectConfigurationPlatforms) = postSolution
		{7B1A68A7-3745-45C3-BE19-EBE91FCA241F}.Debug|Any CPU.ActiveCfg = Debug|Any CPU
		{7B1A68A7-3745-45C3-BE19-EBE91FCA241F}.Debug|Any CPU.Build.0 = Debug|Any CPU
		{7B1A68A7-3745-45C3-BE19-EBE91FCA241F}.Release|Any CPU.ActiveCfg = Release|Any CPU
		{7B1A68A7-3745-45C3-BE19-EBE91FCA241F}.Release|Any CPU.Build.0 = Release|Any CPU
		{882F1013-F7D8-4536-A9D5-CDAF56F1E920}.Debug|Any CPU.ActiveCfg = Debug|Any CPU
		{882F1013-F7D8-4536-A9D5-CDAF56F1E920}.Debug|Any CPU.Build.0 = Debug|Any CPU
		{882F1013-F7D8-4536-A9D5-CDAF56F1E920}.Release|Any CPU.ActiveCfg = Release|Any CPU
		{882F1013-F7D8-4536-A9D5-CDAF56F1E920}.Release|Any CPU.Build.0 = Release|Any CPU
	EndGlobalSection
	GlobalSection(SolutionProperties) = preSolution
		HideSolutionNode = FALSE
	EndGlobalSection
	GlobalSection(ExtensibilityGlobals) = postSolution
		SolutionGuid = {6B674BC8-3215-4291-A0F1-35B7DCCA76C7}
	EndGlobalSection
EndGlobal
