
Microsoft Visual Studio Solution File, Format Version 12.00
# Visual Studio Version 17
VisualStudioVersion = 17.13.35931.197 d17.13
MinimumVisualStudioVersion = 10.0.40219.1
Project("{FAE04EC0-301F-11D3-BF4B-00C04F79EFBC}") = "MediatR.Api", "MediatR.Api\MediatR.Api.csproj", "{93EA87B3-5BC8-4ECD-BFE9-B6BAA30E249A}"
EndProject
Project("{FAE04EC0-301F-11D3-BF4B-00C04F79EFBC}") = "CMS DotNet Teste WebAPI with MediatR", "..\CMS DotNet Teste WebAPI with MediatR\CMS DotNet Teste WebAPI with MediatR.csproj", "{736E6955-3631-4A8D-302B-D4BFC52C4C61}"
EndProject
Global
	GlobalSection(SolutionConfigurationPlatforms) = preSolution
		Debug|Any CPU = Debug|Any CPU
		Release|Any CPU = Release|Any CPU
	EndGlobalSection
	GlobalSection(ProjectConfigurationPlatforms) = postSolution
		{93EA87B3-5BC8-4ECD-BFE9-B6BAA30E249A}.Debug|Any CPU.ActiveCfg = Debug|Any CPU
		{93EA87B3-5BC8-4ECD-BFE9-B6BAA30E249A}.Debug|Any CPU.Build.0 = Debug|Any CPU
		{93EA87B3-5BC8-4ECD-BFE9-B6BAA30E249A}.Release|Any CPU.ActiveCfg = Release|Any CPU
		{93EA87B3-5BC8-4ECD-BFE9-B6BAA30E249A}.Release|Any CPU.Build.0 = Release|Any CPU
		{736E6955-3631-4A8D-302B-D4BFC52C4C61}.Debug|Any CPU.ActiveCfg = Debug|Any CPU
		{736E6955-3631-4A8D-302B-D4BFC52C4C61}.Debug|Any CPU.Build.0 = Debug|Any CPU
		{736E6955-3631-4A8D-302B-D4BFC52C4C61}.Release|Any CPU.ActiveCfg = Release|Any CPU
		{736E6955-3631-4A8D-302B-D4BFC52C4C61}.Release|Any CPU.Build.0 = Release|Any CPU
	EndGlobalSection
	GlobalSection(SolutionProperties) = preSolution
		HideSolutionNode = FALSE
	EndGlobalSection
	GlobalSection(ExtensibilityGlobals) = postSolution
		SolutionGuid = {A119FACA-6F63-475A-90EB-F071000CFF71}
	EndGlobalSection
EndGlobal
