
Microsoft Visual Studio Solution File, Format Version 12.00
# Visual Studio Version 16
VisualStudioVersion = 16.0.32126.315
MinimumVisualStudioVersion = 10.0.40219.1
Project("{FAE04EC0-301F-11D3-BF4B-00C04F79EFBC}") = "SuperHeroAPI", "SuperHeroAPI.csproj", "{D0601502-828C-4B48-98BF-19F4B4D00D44}"
EndProject
Global
	GlobalSection(SolutionConfigurationPlatforms) = preSolution
		Debug|Any CPU = Debug|Any CPU
		Release|Any CPU = Release|Any CPU
	EndGlobalSection
	GlobalSection(ProjectConfigurationPlatforms) = postSolution
		{D0601502-828C-4B48-98BF-19F4B4D00D44}.Debug|Any CPU.ActiveCfg = Debug|Any CPU
		{D0601502-828C-4B48-98BF-19F4B4D00D44}.Debug|Any CPU.Build.0 = Debug|Any CPU
		{D0601502-828C-4B48-98BF-19F4B4D00D44}.Release|Any CPU.ActiveCfg = Release|Any CPU
		{D0601502-828C-4B48-98BF-19F4B4D00D44}.Release|Any CPU.Build.0 = Release|Any CPU
	EndGlobalSection
	GlobalSection(SolutionProperties) = preSolution
		HideSolutionNode = FALSE
	EndGlobalSection
	GlobalSection(ExtensibilityGlobals) = postSolution
		SolutionGuid = {DA31CF21-812B-418D-A424-CA069385EF2C}
	EndGlobalSection
EndGlobal
