
Microsoft Visual Studio Solution File, Format Version 12.00
# Visual Studio Version 17
VisualStudioVersion = 17.4.33213.308
MinimumVisualStudioVersion = 10.0.40219.1
Project("{FAE04EC0-301F-11D3-BF4B-00C04F79EFBC}") = "RestWithASPNETUdemy_Calculator", "RestWithASPNETUdemy_Calculator.csproj", "{5E09C0DF-472A-4807-AC52-408323DC62A0}"
EndProject
Global
	GlobalSection(SolutionConfigurationPlatforms) = preSolution
		Debug|Any CPU = Debug|Any CPU
		Release|Any CPU = Release|Any CPU
	EndGlobalSection
	GlobalSection(ProjectConfigurationPlatforms) = postSolution
		{5E09C0DF-472A-4807-AC52-408323DC62A0}.Debug|Any CPU.ActiveCfg = Debug|Any CPU
		{5E09C0DF-472A-4807-AC52-408323DC62A0}.Debug|Any CPU.Build.0 = Debug|Any CPU
		{5E09C0DF-472A-4807-AC52-408323DC62A0}.Release|Any CPU.ActiveCfg = Release|Any CPU
		{5E09C0DF-472A-4807-AC52-408323DC62A0}.Release|Any CPU.Build.0 = Release|Any CPU
	EndGlobalSection
	GlobalSection(SolutionProperties) = preSolution
		HideSolutionNode = FALSE
	EndGlobalSection
	GlobalSection(ExtensibilityGlobals) = postSolution
		SolutionGuid = {B067247C-E421-4545-A380-347CD024BB79}
	EndGlobalSection
EndGlobal
