
Microsoft Visual Studio Solution File, Format Version 12.00
# Visual Studio Version 17
VisualStudioVersion = 17.7.34031.279
MinimumVisualStudioVersion = 10.0.40219.1
Project("{FAE04EC0-301F-11D3-BF4B-00C04F79EFBC}") = "ConsoleAppRabbitMQ", "ConsoleAppRabbitMQ.csproj", "{82EEF945-3FD1-4615-B0BA-C94B3BEC3785}"
EndProject
Global
	GlobalSection(SolutionConfigurationPlatforms) = preSolution
		Debug|Any CPU = Debug|Any CPU
		Release|Any CPU = Release|Any CPU
	EndGlobalSection
	GlobalSection(ProjectConfigurationPlatforms) = postSolution
		{82EEF945-3FD1-4615-B0BA-C94B3BEC3785}.Debug|Any CPU.ActiveCfg = Debug|Any CPU
		{82EEF945-3FD1-4615-B0BA-C94B3BEC3785}.Debug|Any CPU.Build.0 = Debug|Any CPU
		{82EEF945-3FD1-4615-B0BA-C94B3BEC3785}.Release|Any CPU.ActiveCfg = Release|Any CPU
		{82EEF945-3FD1-4615-B0BA-C94B3BEC3785}.Release|Any CPU.Build.0 = Release|Any CPU
	EndGlobalSection
	GlobalSection(SolutionProperties) = preSolution
		HideSolutionNode = FALSE
	EndGlobalSection
	GlobalSection(ExtensibilityGlobals) = postSolution
		SolutionGuid = {98F9F5E6-B43C-4705-8EC7-F93320DBA55B}
	EndGlobalSection
EndGlobal
