
Microsoft Visual Studio Solution File, Format Version 12.00
# Visual Studio Version 16
VisualStudioVersion = 16.0.29613.14
MinimumVisualStudioVersion = 10.0.40219.1
Project("{9A19103F-16F7-4668-BE54-9A1E7A4F7556}") = "CMS.Teste.Console", "CMS.Teste.Console\CMS.Teste.Console.csproj", "{626319F0-8871-48DD-BF6B-E4E10C2956EB}"
EndProject
Global
	GlobalSection(SolutionConfigurationPlatforms) = preSolution
		Debug|Any CPU = Debug|Any CPU
		Release|Any CPU = Release|Any CPU
	EndGlobalSection
	GlobalSection(ProjectConfigurationPlatforms) = postSolution
		{626319F0-8871-48DD-BF6B-E4E10C2956EB}.Debug|Any CPU.ActiveCfg = Debug|Any CPU
		{626319F0-8871-48DD-BF6B-E4E10C2956EB}.Debug|Any CPU.Build.0 = Debug|Any CPU
		{626319F0-8871-48DD-BF6B-E4E10C2956EB}.Release|Any CPU.ActiveCfg = Release|Any CPU
		{626319F0-8871-48DD-BF6B-E4E10C2956EB}.Release|Any CPU.Build.0 = Release|Any CPU
	EndGlobalSection
	GlobalSection(SolutionProperties) = preSolution
		HideSolutionNode = FALSE
	EndGlobalSection
	GlobalSection(ExtensibilityGlobals) = postSolution
		SolutionGuid = {B3336CCC-40DD-4686-B773-5B3B2A721F1D}
	EndGlobalSection
EndGlobal
