
Microsoft Visual Studio Solution File, Format Version 12.00
# Visual Studio Version 17
VisualStudioVersion = 17.12.35527.113
MinimumVisualStudioVersion = 10.0.40219.1
Project("{FAE04EC0-301F-11D3-BF4B-00C04F79EFBC}") = "Cache.Api", "Cache.Api\Cache.Api.csproj", "{FEFD5210-ACDF-46CC-A32F-6B55C6F07F00}"
EndProject
Project("{2150E333-8FDC-42A3-9474-1A3956D46DE8}") = "Prometheus", "Prometheus", "{B0638148-3350-44F8-9961-58EB31A219CB}"
	ProjectSection(SolutionItems) = preProject
		prometheus.yml = prometheus.yml
	EndProjectSection
EndProject
Project("{FAE04EC0-301F-11D3-BF4B-00C04F79EFBC}") = "Cache.Web", "Cache.Web\Cache.Web.csproj", "{C2216D89-3951-45D5-B080-06F8A173A024}"
EndProject
Project("{FAE04EC0-301F-11D3-BF4B-00C04F79EFBC}") = "Cache.Auth", "Cache.Auth\Cache.Auth.csproj", "{4B66E13E-D205-4529-A6FC-45061D0B7A31}"
EndProject
Project("{FAE04EC0-301F-11D3-BF4B-00C04F79EFBC}") = "Cache.Worker", "Cache.Worker\Cache.Worker.csproj", "{B2BF56A5-46F6-4E18-AF8A-E5D825C4E8FA}"
EndProject
Project("{FAE04EC0-301F-11D3-BF4B-00C04F79EFBC}") = "Cache.Infra.Data", "Cache.Infra.Data\Cache.Infra.Data.csproj", "{0A8E1B26-3BA5-456E-9ABA-480BC276725C}"
EndProject
Project("{FAE04EC0-301F-11D3-BF4B-00C04F79EFBC}") = "Cache.Infra.Bootstrap", "Cache.Infra.Bootstrap\Cache.Infra.Bootstrap.csproj", "{9B0C69E7-BCA3-4747-AF4F-362ED0543466}"
EndProject
Project("{FAE04EC0-301F-11D3-BF4B-00C04F79EFBC}") = "Cache.Contracts", "Cache.Contracts\Cache.Contracts.csproj", "{75EDE712-53FC-4A8D-BB65-5B88BF1FB531}"
EndProject
Project("{FAE04EC0-301F-11D3-BF4B-00C04F79EFBC}") = "Cache.Domain", "Cache.Domain\Cache.Domain.csproj", "{D5F3D111-C9EA-4954-92B4-93E47DE9A5D1}"
EndProject
Project("{FAE04EC0-301F-11D3-BF4B-00C04F79EFBC}") = "Cache.Shared", "Cache.Shared\Cache.Shared.csproj", "{EEEE4024-8237-4F12-9CDD-2AD271D25E37}"
EndProject
Project("{2150E333-8FDC-42A3-9474-1A3956D46DE8}") = "src", "src", "{02EA681E-C7D8-13C7-8484-4AC65E1B71E8}"
EndProject
Project("{2150E333-8FDC-42A3-9474-1A3956D46DE8}") = "01 - Presentation", "01 - Presentation", "{93FA7CBD-5818-4F63-9C3F-5A63012F5FE2}"
EndProject
Project("{2150E333-8FDC-42A3-9474-1A3956D46DE8}") = "02 - Worker Service", "02 - Worker Service", "{9D3A9ED2-9649-4EDB-9C1F-9FF09516B819}"
EndProject
Project("{2150E333-8FDC-42A3-9474-1A3956D46DE8}") = "03 - Infrastructure", "03 - Infrastructure", "{BBCD49CC-95A3-41FF-93CD-F6FE89C06AF1}"
EndProject
Project("{2150E333-8FDC-42A3-9474-1A3956D46DE8}") = "04 - Application", "04 - Application", "{B587E53C-4CDA-440A-A33D-8A3466A1F72C}"
EndProject
Project("{2150E333-8FDC-42A3-9474-1A3956D46DE8}") = "05 - Domain", "05 - Domain", "{7C8DAE9B-7C0E-4074-96A5-67C503B012BF}"
EndProject
Project("{2150E333-8FDC-42A3-9474-1A3956D46DE8}") = "99 - Shared", "99 - Shared", "{B9649265-60E5-4E08-B126-2196244C54A7}"
EndProject
Project("{FAE04EC0-301F-11D3-BF4B-00C04F79EFBC}") = "Cache.App.Api", "Cache.App.Api\Cache.App.Api.csproj", "{05D0D80C-43E2-4E82-B651-8FA0C8BCDFEF}"
EndProject
Project("{FAE04EC0-301F-11D3-BF4B-00C04F79EFBC}") = "Cache.App.Worker", "Cache.App.Worker\Cache.App.Worker.csproj", "{237C86BD-04FF-4670-B925-034CAB6AD68F}"
EndProject
Project("{2150E333-8FDC-42A3-9474-1A3956D46DE8}") = "tests", "tests", "{F26D0A7C-2BF8-49EB-BF3F-6DE21C554EAA}"
EndProject
Project("{2150E333-8FDC-42A3-9474-1A3956D46DE8}") = "misc", "misc", "{43781D0B-9398-40CA-9855-B918F938397D}"
EndProject
Project("{FAE04EC0-301F-11D3-BF4B-00C04F79EFBC}") = "Cache.Tests.Misc.Stress", "Cache.Tests.Misc.Stress\Cache.Tests.Misc.Stress.csproj", "{FF8586E8-00D7-47C3-89A5-23D6A20243DF}"
EndProject
Project("{FAE04EC0-301F-11D3-BF4B-00C04F79EFBC}") = "Cache.Tests.Misc.Database", "Cache.Tests.Misc.Data\Cache.Tests.Misc.Database.csproj", "{7E305A45-22B3-458B-B312-51350C68B398}"
EndProject
Project("{FAE04EC0-301F-11D3-BF4B-00C04F79EFBC}") = "Cache.Tests.Misc.Serilog", "Cache.Tests.Misc.Serilog\Cache.Tests.Misc.Serilog.csproj", "{F626C154-0A6D-4723-840D-5B653E107E8E}"
EndProject
Global
	GlobalSection(SolutionConfigurationPlatforms) = preSolution
		Debug|Any CPU = Debug|Any CPU
		Release|Any CPU = Release|Any CPU
	EndGlobalSection
	GlobalSection(ProjectConfigurationPlatforms) = postSolution
		{FEFD5210-ACDF-46CC-A32F-6B55C6F07F00}.Debug|Any CPU.ActiveCfg = Debug|Any CPU
		{FEFD5210-ACDF-46CC-A32F-6B55C6F07F00}.Debug|Any CPU.Build.0 = Debug|Any CPU
		{FEFD5210-ACDF-46CC-A32F-6B55C6F07F00}.Release|Any CPU.ActiveCfg = Release|Any CPU
		{FEFD5210-ACDF-46CC-A32F-6B55C6F07F00}.Release|Any CPU.Build.0 = Release|Any CPU
		{C2216D89-3951-45D5-B080-06F8A173A024}.Debug|Any CPU.ActiveCfg = Debug|Any CPU
		{C2216D89-3951-45D5-B080-06F8A173A024}.Debug|Any CPU.Build.0 = Debug|Any CPU
		{C2216D89-3951-45D5-B080-06F8A173A024}.Release|Any CPU.ActiveCfg = Release|Any CPU
		{C2216D89-3951-45D5-B080-06F8A173A024}.Release|Any CPU.Build.0 = Release|Any CPU
		{4B66E13E-D205-4529-A6FC-45061D0B7A31}.Debug|Any CPU.ActiveCfg = Debug|Any CPU
		{4B66E13E-D205-4529-A6FC-45061D0B7A31}.Debug|Any CPU.Build.0 = Debug|Any CPU
		{4B66E13E-D205-4529-A6FC-45061D0B7A31}.Release|Any CPU.ActiveCfg = Release|Any CPU
		{4B66E13E-D205-4529-A6FC-45061D0B7A31}.Release|Any CPU.Build.0 = Release|Any CPU
		{B2BF56A5-46F6-4E18-AF8A-E5D825C4E8FA}.Debug|Any CPU.ActiveCfg = Debug|Any CPU
		{B2BF56A5-46F6-4E18-AF8A-E5D825C4E8FA}.Debug|Any CPU.Build.0 = Debug|Any CPU
		{B2BF56A5-46F6-4E18-AF8A-E5D825C4E8FA}.Release|Any CPU.ActiveCfg = Release|Any CPU
		{B2BF56A5-46F6-4E18-AF8A-E5D825C4E8FA}.Release|Any CPU.Build.0 = Release|Any CPU
		{0A8E1B26-3BA5-456E-9ABA-480BC276725C}.Debug|Any CPU.ActiveCfg = Debug|Any CPU
		{0A8E1B26-3BA5-456E-9ABA-480BC276725C}.Debug|Any CPU.Build.0 = Debug|Any CPU
		{0A8E1B26-3BA5-456E-9ABA-480BC276725C}.Release|Any CPU.ActiveCfg = Release|Any CPU
		{0A8E1B26-3BA5-456E-9ABA-480BC276725C}.Release|Any CPU.Build.0 = Release|Any CPU
		{9B0C69E7-BCA3-4747-AF4F-362ED0543466}.Debug|Any CPU.ActiveCfg = Debug|Any CPU
		{9B0C69E7-BCA3-4747-AF4F-362ED0543466}.Debug|Any CPU.Build.0 = Debug|Any CPU
		{9B0C69E7-BCA3-4747-AF4F-362ED0543466}.Release|Any CPU.ActiveCfg = Release|Any CPU
		{9B0C69E7-BCA3-4747-AF4F-362ED0543466}.Release|Any CPU.Build.0 = Release|Any CPU
		{75EDE712-53FC-4A8D-BB65-5B88BF1FB531}.Debug|Any CPU.ActiveCfg = Debug|Any CPU
		{75EDE712-53FC-4A8D-BB65-5B88BF1FB531}.Debug|Any CPU.Build.0 = Debug|Any CPU
		{75EDE712-53FC-4A8D-BB65-5B88BF1FB531}.Release|Any CPU.ActiveCfg = Release|Any CPU
		{75EDE712-53FC-4A8D-BB65-5B88BF1FB531}.Release|Any CPU.Build.0 = Release|Any CPU
		{D5F3D111-C9EA-4954-92B4-93E47DE9A5D1}.Debug|Any CPU.ActiveCfg = Debug|Any CPU
		{D5F3D111-C9EA-4954-92B4-93E47DE9A5D1}.Debug|Any CPU.Build.0 = Debug|Any CPU
		{D5F3D111-C9EA-4954-92B4-93E47DE9A5D1}.Release|Any CPU.ActiveCfg = Release|Any CPU
		{D5F3D111-C9EA-4954-92B4-93E47DE9A5D1}.Release|Any CPU.Build.0 = Release|Any CPU
		{EEEE4024-8237-4F12-9CDD-2AD271D25E37}.Debug|Any CPU.ActiveCfg = Debug|Any CPU
		{EEEE4024-8237-4F12-9CDD-2AD271D25E37}.Debug|Any CPU.Build.0 = Debug|Any CPU
		{EEEE4024-8237-4F12-9CDD-2AD271D25E37}.Release|Any CPU.ActiveCfg = Release|Any CPU
		{EEEE4024-8237-4F12-9CDD-2AD271D25E37}.Release|Any CPU.Build.0 = Release|Any CPU
		{05D0D80C-43E2-4E82-B651-8FA0C8BCDFEF}.Debug|Any CPU.ActiveCfg = Debug|Any CPU
		{05D0D80C-43E2-4E82-B651-8FA0C8BCDFEF}.Debug|Any CPU.Build.0 = Debug|Any CPU
		{05D0D80C-43E2-4E82-B651-8FA0C8BCDFEF}.Release|Any CPU.ActiveCfg = Release|Any CPU
		{05D0D80C-43E2-4E82-B651-8FA0C8BCDFEF}.Release|Any CPU.Build.0 = Release|Any CPU
		{237C86BD-04FF-4670-B925-034CAB6AD68F}.Debug|Any CPU.ActiveCfg = Debug|Any CPU
		{237C86BD-04FF-4670-B925-034CAB6AD68F}.Debug|Any CPU.Build.0 = Debug|Any CPU
		{237C86BD-04FF-4670-B925-034CAB6AD68F}.Release|Any CPU.ActiveCfg = Release|Any CPU
		{237C86BD-04FF-4670-B925-034CAB6AD68F}.Release|Any CPU.Build.0 = Release|Any CPU
		{FF8586E8-00D7-47C3-89A5-23D6A20243DF}.Debug|Any CPU.ActiveCfg = Debug|Any CPU
		{FF8586E8-00D7-47C3-89A5-23D6A20243DF}.Debug|Any CPU.Build.0 = Debug|Any CPU
		{FF8586E8-00D7-47C3-89A5-23D6A20243DF}.Release|Any CPU.ActiveCfg = Release|Any CPU
		{FF8586E8-00D7-47C3-89A5-23D6A20243DF}.Release|Any CPU.Build.0 = Release|Any CPU
		{7E305A45-22B3-458B-B312-51350C68B398}.Debug|Any CPU.ActiveCfg = Debug|Any CPU
		{7E305A45-22B3-458B-B312-51350C68B398}.Debug|Any CPU.Build.0 = Debug|Any CPU
		{7E305A45-22B3-458B-B312-51350C68B398}.Release|Any CPU.ActiveCfg = Release|Any CPU
		{7E305A45-22B3-458B-B312-51350C68B398}.Release|Any CPU.Build.0 = Release|Any CPU
		{F626C154-0A6D-4723-840D-5B653E107E8E}.Debug|Any CPU.ActiveCfg = Debug|Any CPU
		{F626C154-0A6D-4723-840D-5B653E107E8E}.Debug|Any CPU.Build.0 = Debug|Any CPU
		{F626C154-0A6D-4723-840D-5B653E107E8E}.Release|Any CPU.ActiveCfg = Release|Any CPU
		{F626C154-0A6D-4723-840D-5B653E107E8E}.Release|Any CPU.Build.0 = Release|Any CPU
	EndGlobalSection
	GlobalSection(SolutionProperties) = preSolution
		HideSolutionNode = FALSE
	EndGlobalSection
	GlobalSection(NestedProjects) = preSolution
		{FEFD5210-ACDF-46CC-A32F-6B55C6F07F00} = {93FA7CBD-5818-4F63-9C3F-5A63012F5FE2}
		{C2216D89-3951-45D5-B080-06F8A173A024} = {93FA7CBD-5818-4F63-9C3F-5A63012F5FE2}
		{4B66E13E-D205-4529-A6FC-45061D0B7A31} = {93FA7CBD-5818-4F63-9C3F-5A63012F5FE2}
		{B2BF56A5-46F6-4E18-AF8A-E5D825C4E8FA} = {9D3A9ED2-9649-4EDB-9C1F-9FF09516B819}
		{0A8E1B26-3BA5-456E-9ABA-480BC276725C} = {BBCD49CC-95A3-41FF-93CD-F6FE89C06AF1}
		{9B0C69E7-BCA3-4747-AF4F-362ED0543466} = {BBCD49CC-95A3-41FF-93CD-F6FE89C06AF1}
		{75EDE712-53FC-4A8D-BB65-5B88BF1FB531} = {B587E53C-4CDA-440A-A33D-8A3466A1F72C}
		{D5F3D111-C9EA-4954-92B4-93E47DE9A5D1} = {7C8DAE9B-7C0E-4074-96A5-67C503B012BF}
		{EEEE4024-8237-4F12-9CDD-2AD271D25E37} = {B9649265-60E5-4E08-B126-2196244C54A7}
		{93FA7CBD-5818-4F63-9C3F-5A63012F5FE2} = {02EA681E-C7D8-13C7-8484-4AC65E1B71E8}
		{9D3A9ED2-9649-4EDB-9C1F-9FF09516B819} = {02EA681E-C7D8-13C7-8484-4AC65E1B71E8}
		{BBCD49CC-95A3-41FF-93CD-F6FE89C06AF1} = {02EA681E-C7D8-13C7-8484-4AC65E1B71E8}
		{B587E53C-4CDA-440A-A33D-8A3466A1F72C} = {02EA681E-C7D8-13C7-8484-4AC65E1B71E8}
		{7C8DAE9B-7C0E-4074-96A5-67C503B012BF} = {02EA681E-C7D8-13C7-8484-4AC65E1B71E8}
		{B9649265-60E5-4E08-B126-2196244C54A7} = {02EA681E-C7D8-13C7-8484-4AC65E1B71E8}
		{05D0D80C-43E2-4E82-B651-8FA0C8BCDFEF} = {B587E53C-4CDA-440A-A33D-8A3466A1F72C}
		{237C86BD-04FF-4670-B925-034CAB6AD68F} = {B587E53C-4CDA-440A-A33D-8A3466A1F72C}
		{43781D0B-9398-40CA-9855-B918F938397D} = {F26D0A7C-2BF8-49EB-BF3F-6DE21C554EAA}
		{FF8586E8-00D7-47C3-89A5-23D6A20243DF} = {43781D0B-9398-40CA-9855-B918F938397D}
		{7E305A45-22B3-458B-B312-51350C68B398} = {43781D0B-9398-40CA-9855-B918F938397D}
		{F626C154-0A6D-4723-840D-5B653E107E8E} = {43781D0B-9398-40CA-9855-B918F938397D}
	EndGlobalSection
	GlobalSection(ExtensibilityGlobals) = postSolution
		SolutionGuid = {A2CB80E8-B5B7-43BF-B126-03B76663314E}
	EndGlobalSection
EndGlobal
